{
    "_readme": [
        "This file locks the dependencies of your project to a known state",
        "Read more about it at https://getcomposer.org/doc/01-basic-usage.md#installing-dependencies",
        "This file is @generated automatically"
    ],
    "content-hash": "bdc096bbae0d81a026a23d0e9c24a650",
    "packages": [],
    "packages-dev": [
        {
            "name": "phpunit/phpunit",
            "version": "10.5.30",
            "source": {
                "type": "git",
                "url": "https://github.com/sebastianbergmann/phpunit.git",
                "reference": "b10f8eb7b5e3bf5b8d925b8b9dd4e681cdce70f0"
            },
            "dist": {
                "type": "zip",
                "url": "https://api.github.com/repos/sebastianbergmann/phpunit/zipball/b10f8eb7b5e3bf5b8d925b8b9dd4e681cdce70f0",
                "reference": "b10f8eb7b5e3bf5b8d925b8b9dd4e681cdce70f0",
                "shasum": ""
            },
            "require": {
                "ext-dom": "*",
                "ext-json": "*",
                "ext-libxml": "*",
                "ext-mbstring": "*",
                "ext-xml": "*",
                "ext-xmlwriter": "*",
                "php": ">=8.1"
            },
            "suggest": {
                "ext-soap": "To be able to generate mocks based on WSDL files"
            },
            "bin": [
                "phpunit"
            ],
            "type": "library",
            "extra": {
                "branch-alias": {
                    "dev-main": "10.5-dev"
                }
            },
            "autoload": {
                "files": [
                    "src/Framework/Assert/Functions.php"
                ],
                "psr-4": {
                    "PHPUnit\\": "src/"
                }
            },
            "notification-url": "https://packagist.org/downloads/",
            "license": [
                "BSD-3-Clause"
            ],
            "authors": [
                {
                    "name": "Sebastian Bergmann",
                    "email": "sebastian@phpunit.de",
                    "role": "lead"
                }
            ],
            "description": "The PHP Unit Testing framework.",
            "homepage": "https://phpunit.de/",
            "keywords": [
                "phpunit",
                "testing",
                "xunit"
            ],
            "support": {
                "issues": "https://github.com/sebastianbergmann/phpunit/issues",
                "security": "https://github.com/sebastianbergmann/phpunit/security/policy",
                "source": "https://github.com/sebastianbergmann/phpunit/tree/10.5.30"
            },
            "funding": [
                {
                    "url": "https://phpunit.de/sponsors.html",
                    "type": "custom"
                },
                {
                    "url": "https://github.com/sebastianbergmann",
                    "type": "github"
                }
            ],
            "time": "2024-08-13T06:14:23+00:00"
        }
    ],
    "aliases": [],
    "minimum-stability": "stable",
    "stability-flags": [],
    "prefer-stable": true,
    "prefer-lowest": false,
    "platform": {
        "php": ">=8.2",
        "ext-pdo": "*",
        "ext-pdo_mysql": "*"
    },
    "platform-dev": [],
    "plugin-api-version": "2.6.0"
}